
Microsoft Visual Studio Solution File, Format Version 12.00
# Visual Studio 14
VisualStudioVersion = 14.0.25420.1
MinimumVisualStudioVersion = 10.0.40219.1
Project("{2150E333-8FDC-42A3-9474-1A3956D46DE8}") = "src", "src", "{AD90E832-5EBE-4E43-8B30-910CD4017E8D}"
EndProject
Project("{2150E333-8FDC-42A3-9474-1A3956D46DE8}") = "test", "test", "{E9A17E9C-9821-4A74-9015-2AC6C14E6929}"
EndProject
Project("{FAE04EC0-301F-11D3-BF4B-00C04F79EFBC}") = "Wpf.TaskSchedule", "src\WpfTaskSchedule\Wpf.TaskSchedule.csproj", "{CD409B30-5F42-4AE9-AF98-FC7D9A55B479}"
EndProject
Global
	GlobalSection(SolutionConfigurationPlatforms) = preSolution
		Debug|Any CPU = Debug|Any CPU
		Release|Any CPU = Release|Any CPU
	EndGlobalSection
	GlobalSection(ProjectConfigurationPlatforms) = postSolution
		{CD409B30-5F42-4AE9-AF98-FC7D9A55B479}.Debug|Any CPU.ActiveCfg = Debug|Any CPU
		{CD409B30-5F42-4AE9-AF98-FC7D9A55B479}.Debug|Any CPU.Build.0 = Debug|Any CPU
		{CD409B30-5F42-4AE9-AF98-FC7D9A55B479}.Release|Any CPU.ActiveCfg = Release|Any CPU
		{CD409B30-5F42-4AE9-AF98-FC7D9A55B479}.Release|Any CPU.Build.0 = Release|Any CPU
	EndGlobalSection
	GlobalSection(SolutionProperties) = preSolution
		HideSolutionNode = FALSE
	EndGlobalSection
	GlobalSection(NestedProjects) = preSolution
		{CD409B30-5F42-4AE9-AF98-FC7D9A55B479} = {AD90E832-5EBE-4E43-8B30-910CD4017E8D}
	EndGlobalSection
EndGlobal
